
Microsoft Visual Studio Solution File, Format Version 12.00
# Visual Studio Version 16
VisualStudioVersion = 16.0.30517.126
MinimumVisualStudioVersion = 10.0.40219.1
Project("{FAE04EC0-301F-11D3-BF4B-00C04F79EFBC}") = "BitcoinCalculator", "BitcoinCalculator\BitcoinCalculator.csproj", "{9567DBA6-1258-4FFF-9404-1168A6DCBB09}"
EndProject
Global
	GlobalSection(SolutionConfigurationPlatforms) = preSolution
		Debug|Any CPU = Debug|Any CPU
		Release|Any CPU = Release|Any CPU
	EndGlobalSection
	GlobalSection(ProjectConfigurationPlatforms) = postSolution
		{9567DBA6-1258-4FFF-9404-1168A6DCBB09}.Debug|Any CPU.ActiveCfg = Debug|Any CPU
		{9567DBA6-1258-4FFF-9404-1168A6DCBB09}.Debug|Any CPU.Build.0 = Debug|Any CPU
		{9567DBA6-1258-4FFF-9404-1168A6DCBB09}.Release|Any CPU.ActiveCfg = Release|Any CPU
		{9567DBA6-1258-4FFF-9404-1168A6DCBB09}.Release|Any CPU.Build.0 = Release|Any CPU
	EndGlobalSection
	GlobalSection(SolutionProperties) = preSolution
		HideSolutionNode = FALSE
	EndGlobalSection
	GlobalSection(ExtensibilityGlobals) = postSolution
		SolutionGuid = {AA8F2E38-9FCB-4C4D-B1C4-B5E6ED312AEE}
	EndGlobalSection
EndGlobal
